// !$*UTF8*$!
{
	archiveVersion = 1;
	classes = {
	};
	objectVersion = 46;
	objects = {

/* Begin PBXBuildFile section */
		495028781EA8BC4A007B2122 /* AppDelegate.swift in Sources */ = {isa = PBXBuildFile; fileRef = 495028771EA8BC4A007B2122 /* AppDelegate.swift */; };
		4950287A1EA8BC4A007B2122 /* ViewController.swift in Sources */ = {isa = PBXBuildFile; fileRef = 495028791EA8BC4A007B2122 /* ViewController.swift */; };
		4950287D1EA8BC4A007B2122 /* Main.storyboard in Resources */ = {isa = PBXBuildFile; fileRef = 4950287B1EA8BC4A007B2122 /* Main.storyboard */; };
		4950287F1EA8BC4A007B2122 /* Assets.xcassets in Resources */ = {isa = PBXBuildFile; fileRef = 4950287E1EA8BC4A007B2122 /* Assets.xcassets */; };
		495028821EA8BC4A007B2122 /* LaunchScreen.storyboard in Resources */ = {isa = PBXBuildFile; fileRef = 495028801EA8BC4A007B2122 /* LaunchScreen.storyboard */; };
/* End PBXBuildFile section */

/* Begin PBXFileReference section */
		495028741EA8BC4A007B2122 /* MarcFirstProject.app */ = {isa = PBXFileReference; explicitFileType = wrapper.application; includeInIndex = 0; path = MarcFirstProject.app; sourceTree = BUILT_PRODUCTS_DIR; };
		495028771EA8BC4A007B2122 /* AppDelegate.swift */ = {isa = PBXFileReference; lastKnownFileType = sourcecode.swift; path = AppDelegate.swift; sourceTree = "<group>"; };
		495028791EA8BC4A007B2122 /* ViewController.swift */ = {isa = PBXFileReference; lastKnownFileType = sourcecode.swift; path = ViewController.swift; sourceTree = "<group>"; };
		4950287C1EA8BC4A007B2122 /* Base */ = {isa = PBXFileReference; lastKnownFileType = file.storyboard; name = Base; path = Base.lproj/Main.storyboard; sourceTree = "<group>"; };
		4950287E1EA8BC4A007B2122 /* Assets.xcassets */ = {isa = PBXFileReference; lastKnownFileType = folder.assetcatalog; path = Assets.xcassets; sourceTree = "<group>"; };
		495028811EA8BC4A007B2122 /* Base */ = {isa = PBXFileReference; lastKnownFileType = file.storyboard; name = Base; path = Base.lproj/LaunchScreen.storyboard; sourceTree = "<group>"; };
		495028831EA8BC4A007B2122 /* Info.plist */ = {isa = PBXFileReference; lastKnownFileType = text.plist.xml; path = Info.plist; sourceTree = "<group>"; };
/* End PBXFileReference section */

/* Begin PBXFrameworksBuildPhase section */
		495028711EA8BC4A007B2122 /* Frameworks */ = {
			isa = PBXFrameworksBuildPhase;
			buildActionMask = 2147483647;
			files = (
			);
			runOnlyForDeploymentPostprocessing = 0;
		};
/* End PBXFrameworksBuildPhase section */

/* Begin PBXGroup section */
		4950286B1EA8BC4A007B2122 = {
			isa = PBXGroup;
			children = (
				495028761EA8BC4A007B2122 /* MarcFirstProject */,
				495028751EA8BC4A007B2122 /* Products */,
			);
			sourceTree = "<group>";
		};
		495028751EA8BC4A007B2122 /* Products */ = {
			isa = PBXGroup;
			children = (
				495028741EA8BC4A007B2122 /* MarcFirstProject.app */,
			);
			name = Products;
			sourceTree = "<group>";
		};
		495028761EA8BC4A007B2122 /* MarcFirstProject */ = {
			isa = PBXGroup;
			children = (
				495028771EA8BC4A007B2122 /* AppDelegate.swift */,
				495028791EA8BC4A007B2122 /* ViewController.swift */,
				4950287B1EA8BC4A007B2122 /* Main.storyboard */,
				4950287E1EA8BC4A007B2122 /* Assets.xcassets */,
				495028801EA8BC4A007B2122 /* LaunchScreen.storyboard */,
				495028831EA8BC4A007B2122 /* Info.plist */,
			);
			path = MarcFirstProject;
			sourceTree = "<group>";
		};
/* End PBXGroup section */

/* Begin PBXNativeTarget section */
		495028731EA8BC4A007B2122 /* MarcFirstProject */ = {
			isa = PBXNativeTarget;
			buildConfigurationList = 495028861EA8BC4A007B2122 /* Build configuration list for PBXNativeTarget "MarcFirstProject" */;
			buildPhases = (
				495028701EA8BC4A007B2122 /* Sources */,
				495028711EA8BC4A007B2122 /* Frameworks */,
				495028721EA8BC4A007B2122 /* Resources */,
			);
			buildRules = (
			);
			dependencies = (
			);
			name = MarcFirstProject;
			productName = MarcFirstProject;
			productReference = 495028741EA8BC4A007B2122 /* MarcFirstProject.app */;
			productType = "com.apple.product-type.application";
		};
/* End PBXNativeTarget section */

/* Begin PBXProject section */
		4950286C1EA8BC4A007B2122 /* Project object */ = {
			isa = PBXProject;
			attributes = {
				LastSwiftUpdateCheck = 0830;
				LastUpgradeCheck = 0830;
				ORGANIZATIONNAME = marc;
				TargetAttributes = {
					495028731EA8BC4A007B2122 = {
						CreatedOnToolsVersion = 8.3.2;
						DevelopmentTeam = QZP4BE6K69;
						ProvisioningStyle = Automatic;
					};
				};
			};
			buildConfigurationList = 4950286F1EA8BC4A007B2122 /* Build configuration list for PBXProject "MarcFirstProject" */;
			compatibilityVersion = "Xcode 3.2";
			developmentRegion = English;
			hasScannedForEncodings = 0;
			knownRegions = (
				en,
				Base,
			);
			mainGroup = 4950286B1EA8BC4A007B2122;
			productRefGroup = 495028751EA8BC4A007B2122 /* Products */;
			projectDirPath = "";
			projectRoot = "";
			targets = (
				495028731EA8BC4A007B2122 /* MarcFirstProject */,
			);
		};
/* End PBXProject section */

/* Begin PBXResourcesBuildPhase section */
		495028721EA8BC4A007B2122 /* Resources */ = {
			isa = PBXResourcesBuildPhase;
			buildActionMask = 2147483647;
			files = (
				495028821EA8BC4A007B2122 /* LaunchScreen.storyboard in Resources */,
				4950287F1EA8BC4A007B2122 /* Assets.xcassets in Resources */,
				4950287D1EA8BC4A007B2122 /* Main.storyboard in Resources */,
			);
			runOnlyForDeploymentPostprocessing = 0;
		};
/* End PBXResourcesBuildPhase section */

/* Begin PBXSourcesBuildPhase section */
		495028701EA8BC4A007B2122 /* Sources */ = {
			isa = PBXSourcesBuildPhase;
			buildActionMask = 2147483647;
			files = (
				4950287A1EA8BC4A007B2122 /* ViewController.swift in Sources */,
				495028781EA8BC4A007B2122 /* AppDelegate.swift in Sources */,
			);
			runOnlyForDeploymentPostprocessing = 0;
		};
/* End PBXSourcesBuildPhase section */

/* Begin PBXVariantGroup section */
		4950287B1EA8BC4A007B2122 /* Main.storyboard */ = {
			isa = PBXVariantGroup;
			children = (
				4950287C1EA8BC4A007B2122 /* Base */,
			);
			name = Main.storyboard;
			sourceTree = "<group>";
		};
		495028801EA8BC4A007B2122 /* LaunchScreen.storyboard */ = {
			isa = PBXVariantGroup;
			children = (
				495028811EA8BC4A007B2122 /* Base */,
			);
			name = LaunchScreen.storyboard;
			sourceTree = "<group>";
		};
/* End PBXVariantGroup section */

/* Begin XCBuildConfiguration section */
		495028841EA8BC4A007B2122 /* Debug */ = {
			isa = XCBuildConfiguration;
			buildSettings = {
				ALWAYS_SEARCH_USER_PATHS = NO;
				CLANG_ANALYZER_NONNULL = YES;
				CLANG_ANALYZER_NUMBER_OBJECT_CONVERSION = YES_AGGRESSIVE;
				CLANG_CXX_LANGUAGE_STANDARD = "gnu++0x";
				CLANG_CXX_LIBRARY = "libc++";
				CLANG_ENABLE_MODULES = YES;
				CLANG_ENABLE_OBJC_ARC = YES;
				CLANG_WARN_BOOL_CONVERSION = YES;
				CLANG_WARN_CONSTANT_CONVERSION = YES;
				CLANG_WARN_DIRECT_OBJC_ISA_USAGE = YES_ERROR;
				CLANG_WARN_DOCUMENTATION_COMMENTS = YES;
				CLANG_WARN_EMPTY_BODY = YES;
				CLANG_WARN_ENUM_CONVERSION = YES;
				CLANG_WARN_INFINITE_RECURSION = YES;
				CLANG_WARN_INT_CONVERSION = YES;
				CLANG_WARN_OBJC_ROOT_CLASS = YES_ERROR;
				CLANG_WARN_SUSPICIOUS_MOVE = YES;
				CLANG_WARN_UNREACHABLE_CODE = YES;
				CLANG_WARN__DUPLICATE_METHOD_MATCH = YES;
				"CODE_SIGN_IDENTITY[sdk=iphoneos*]" = "iPhone Developer";
				COPY_PHASE_STRIP = NO;
				DEBUG_INFORMATION_FORMAT = dwarf;
				ENABLE_STRICT_OBJC_MSGSEND = YES;
				ENABLE_TESTABILITY = YES;
				GCC_C_LANGUAGE_STANDARD = gnu99;
				GCC_DYNAMIC_NO_PIC = NO;
				GCC_NO_COMMON_BLOCKS = YES;
				GCC_OPTIMIZATION_LEVEL = 0;
				GCC_PREPROCESSOR_DEFINITIONS = (
					"DEBUG=1",
					"$(inherited)",
				);
				GCC_WARN_64_TO_32_BIT_CONVERSION = YES;
				GCC_WARN_ABOUT_RETURN_TYPE = YES_ERROR;
				GCC_WARN_UNDECLARED_SELECTOR = YES;
				GCC_WARN_UNINITIALIZED_AUTOS = YES_AGGRESSIVE;
				GCC_WARN_UNUSED_FUNCTION = YES;
				GCC_WARN_UNUSED_VARIABLE = YES;
				IPHONEOS_DEPLOYMENT_TARGET = 10.3;
				MTL_ENABLE_DEBUG_INFO = YES;
				ONLY_ACTIVE_ARCH = YES;
				SDKROOT = iphoneos;
				SWIFT_ACTIVE_COMPILATION_CONDITIONS = DEBUG;
				SWIFT_OPTIMIZATION_LEVEL = "-Onone";
				TARGETED_DEVICE_FAMILY = "1,2";
			};
			name = Debug;
		};
		495028851EA8BC4A007B2122 /* Release */ = {
			isa = XCBuildConfiguration;
			buildSettings = {
				ALWAYS_SEARCH_USER_PATHS = NO;
				CLANG_ANALYZER_NONNULL = YES;
				CLANG_ANALYZER_NUMBER_OBJECT_CONVERSION = YES_AGGRESSIVE;
				CLANG_CXX_LANGUAGE_STANDARD = "gnu++0x";
				CLANG_CXX_LIBRARY = "libc++";
				CLANG_ENABLE_MODULES = YES;
				CLANG_ENABLE_OBJC_ARC = YES;
				CLANG_WARN_BOOL_CONVERSION = YES;
				CLANG_WARN_CONSTANT_CONVERSION = YES;
				CLANG_WARN_DIRECT_OBJC_ISA_USAGE = YES_ERROR;
				CLANG_WARN_DOCUMENTATION_COMMENTS = YES;
				CLANG_WARN_EMPTY_BODY = YES;
				CLANG_WARN_ENUM_CONVERSION = YES;
				CLANG_WARN_INFINITE_RECURSION = YES;
				CLANG_WARN_INT_CONVERSION = YES;
				CLANG_WARN_OBJC_ROOT_CLASS = YES_ERROR;
				CLANG_WARN_SUSPICIOUS_MOVE = YES;
				CLANG_WARN_UNREACHABLE_CODE = YES;
				CLANG_WARN__DUPLICATE_METHOD_MATCH = YES;
				"CODE_SIGN_IDENTITY[sdk=iphoneos*]" = "iPhone Developer";
				COPY_PHASE_STRIP = NO;
				DEBUG_INFORMATION_FORMAT = "dwarf-with-dsym";
				ENABLE_NS_ASSERTIONS = NO;
				ENABLE_STRICT_OBJC_MSGSEND = YES;
				GCC_C_LANGUAGE_STANDARD = gnu99;
				GCC_NO_COMMON_BLOCKS = YES;
				GCC_WARN_64_TO_32_BIT_CONVERSION = YES;
				GCC_WARN_ABOUT_RETURN_TYPE = YES_ERROR;
				GCC_WARN_UNDECLARED_SELECTOR = YES;
				GCC_WARN_UNINITIALIZED_AUTOS = YES_AGGRESSIVE;
				GCC_WARN_UNUSED_FUNCTION = YES;
				GCC_WARN_UNUSED_VARIABLE = YES;
				IPHONEOS_DEPLOYMENT_TARGET = 10.3;
				MTL_ENABLE_DEBUG_INFO = NO;
				SDKROOT = iphoneos;
				SWIFT_OPTIMIZATION_LEVEL = "-Owholemodule";
				TARGETED_DEVICE_FAMILY = "1,2";
				VALIDATE_PRODUCT = YES;
			};
			name = Release;
		};
		495028871EA8BC4A007B2122 /* Debug */ = {
			isa = XCBuildConfiguration;
			buildSettings = {
				ASSETCATALOG_COMPILER_APPICON_NAME = AppIcon;
				DEVELOPMENT_TEAM = QZP4BE6K69;
				INFOPLIST_FILE = MarcFirstProject/Info.plist;
				LD_RUNPATH_SEARCH_PATHS = "$(inherited) @executable_path/Frameworks";
				PRODUCT_BUNDLE_IDENTIFIER = marc.MarcFirstProject;
				PRODUCT_NAME = "$(TARGET_NAME)";
				SWIFT_VERSION = 3.0;
			};
			name = Debug;
		};
		495028881EA8BC4A007B2122 /* Release */ = {
			isa = XCBuildConfiguration;
			buildSettings = {
				ASSETCATALOG_COMPILER_APPICON_NAME = AppIcon;
				DEVELOPMENT_TEAM = QZP4BE6K69;
				INFOPLIST_FILE = MarcFirstProject/Info.plist;
				LD_RUNPATH_SEARCH_PATHS = "$(inherited) @executable_path/Frameworks";
				PRODUCT_BUNDLE_IDENTIFIER = marc.MarcFirstProject;
				PRODUCT_NAME = "$(TARGET_NAME)";
				SWIFT_VERSION = 3.0;
			};
			name = Release;
		};
/* End XCBuildConfiguration section */

/* Begin XCConfigurationList section */
		4950286F1EA8BC4A007B2122 /* Build configuration list for PBXProject "MarcFirstProject" */ = {
			isa = XCConfigurationList;
			buildConfigurations = (
				495028841EA8BC4A007B2122 /* Debug */,
				495028851EA8BC4A007B2122 /* Release */,
			);
			defaultConfigurationIsVisible = 0;
			defaultConfigurationName = Release;
		};
		495028861EA8BC4A007B2122 /* Build configuration list for PBXNativeTarget "MarcFirstProject" */ = {
			isa = XCConfigurationList;
			buildConfigurations = (
				495028871EA8BC4A007B2122 /* Debug */,
				495028881EA8BC4A007B2122 /* Release */,
			);
			defaultConfigurationIsVisible = 0;
		};
/* End XCConfigurationList section */
	};
	rootObject = 4950286C1EA8BC4A007B2122 /* Project object */;
}
